
Microsoft Visual Studio Solution File, Format Version 12.00
# Visual Studio 15
VisualStudioVersion = 15.0.27130.2010
MinimumVisualStudioVersion = 10.0.40219.1
Project("{FAE04EC0-301F-11D3-BF4B-00C04F79EFBC}") = "Response_Generator_Boilerplate", "Response_Generator_Boilerplate\Response_Generator_Boilerplate.csproj", "{195873C0-945A-4940-8609-C16843F13F74}"
EndProject
Global
	GlobalSection(SolutionConfigurationPlatforms) = preSolution
		Debug|Any CPU = Debug|Any CPU
		Release|Any CPU = Release|Any CPU
	EndGlobalSection
	GlobalSection(ProjectConfigurationPlatforms) = postSolution
		{195873C0-945A-4940-8609-C16843F13F74}.Debug|Any CPU.ActiveCfg = Debug|Any CPU
		{195873C0-945A-4940-8609-C16843F13F74}.Debug|Any CPU.Build.0 = Debug|Any CPU
		{195873C0-945A-4940-8609-C16843F13F74}.Release|Any CPU.ActiveCfg = Release|Any CPU
		{195873C0-945A-4940-8609-C16843F13F74}.Release|Any CPU.Build.0 = Release|Any CPU
	EndGlobalSection
	GlobalSection(SolutionProperties) = preSolution
		HideSolutionNode = FALSE
	EndGlobalSection
	GlobalSection(ExtensibilityGlobals) = postSolution
		SolutionGuid = {8B43B306-AA3D-46ED-8103-C4E1AAA86646}
	EndGlobalSection
EndGlobal
